
Microsoft Visual Studio Solution File, Format Version 12.00
# Visual Studio Version 17
VisualStudioVersion = 17.6.33801.468
MinimumVisualStudioVersion = 10.0.40219.1
Project("{9A19103F-16F7-4668-BE54-9A1E7A4F7556}") = "Zadanie4", "Zadanie4\Zadanie4.csproj", "{6574DC37-4572-4FCF-A9F9-85CD1916E07E}"
EndProject
Project("{FAE04EC0-301F-11D3-BF4B-00C04F79EFBC}") = "Zadanie4Order", "Zadanie4Order\Zadanie4Order.csproj", "{960FBE92-37CF-44DA-AECC-C3A547DEC55E}"
EndProject
Global
	GlobalSection(SolutionConfigurationPlatforms) = preSolution
		Debug|Any CPU = Debug|Any CPU
		Release|Any CPU = Release|Any CPU
	EndGlobalSection
	GlobalSection(ProjectConfigurationPlatforms) = postSolution
		{6574DC37-4572-4FCF-A9F9-85CD1916E07E}.Debug|Any CPU.ActiveCfg = Debug|Any CPU
		{6574DC37-4572-4FCF-A9F9-85CD1916E07E}.Debug|Any CPU.Build.0 = Debug|Any CPU
		{6574DC37-4572-4FCF-A9F9-85CD1916E07E}.Release|Any CPU.ActiveCfg = Release|Any CPU
		{6574DC37-4572-4FCF-A9F9-85CD1916E07E}.Release|Any CPU.Build.0 = Release|Any CPU
		{960FBE92-37CF-44DA-AECC-C3A547DEC55E}.Debug|Any CPU.ActiveCfg = Debug|Any CPU
		{960FBE92-37CF-44DA-AECC-C3A547DEC55E}.Debug|Any CPU.Build.0 = Debug|Any CPU
		{960FBE92-37CF-44DA-AECC-C3A547DEC55E}.Release|Any CPU.ActiveCfg = Release|Any CPU
		{960FBE92-37CF-44DA-AECC-C3A547DEC55E}.Release|Any CPU.Build.0 = Release|Any CPU
	EndGlobalSection
	GlobalSection(SolutionProperties) = preSolution
		HideSolutionNode = FALSE
	EndGlobalSection
	GlobalSection(ExtensibilityGlobals) = postSolution
		SolutionGuid = {A734696A-3D48-472B-B121-DF1905B7422C}
	EndGlobalSection
EndGlobal
